// !$*UTF8*$!
{
	archiveVersion = 1;
	classes = {
	};
	objectVersion = 56;
	objects = {

/* Begin PBXBuildFile section */
		811C6D502963D900009BB349 /* imageViewExtension+Network.swift in Sources */ = {isa = PBXBuildFile; fileRef = 811C6D4F2963D900009BB349 /* imageViewExtension+Network.swift */; };
		81A6081B29537884009F0327 /* AppDelegate.swift in Sources */ = {isa = PBXBuildFile; fileRef = 81A6081A29537884009F0327 /* AppDelegate.swift */; };
		81A6082429537885009F0327 /* Assets.xcassets in Resources */ = {isa = PBXBuildFile; fileRef = 81A6082329537885009F0327 /* Assets.xcassets */; };
		81A6082729537885009F0327 /* LaunchScreen.storyboard in Resources */ = {isa = PBXBuildFile; fileRef = 81A6082529537885009F0327 /* LaunchScreen.storyboard */; };
		81A6083229537886009F0327 /* Fetch_Rewards_TakeHomeTests.swift in Sources */ = {isa = PBXBuildFile; fileRef = 81A6083129537886009F0327 /* Fetch_Rewards_TakeHomeTests.swift */; };
		81A6083C29537886009F0327 /* Fetch_Rewards_TakeHomeUITests.swift in Sources */ = {isa = PBXBuildFile; fileRef = 81A6083B29537886009F0327 /* Fetch_Rewards_TakeHomeUITests.swift */; };
		81A6083E29537886009F0327 /* Fetch_Rewards_TakeHomeUITestsLaunchTests.swift in Sources */ = {isa = PBXBuildFile; fileRef = 81A6083D29537886009F0327 /* Fetch_Rewards_TakeHomeUITestsLaunchTests.swift */; };
		81A6084B29537AB7009F0327 /* MealListTableViewController.swift in Sources */ = {isa = PBXBuildFile; fileRef = 81A6084A29537AB7009F0327 /* MealListTableViewController.swift */; };
		81A6085229537E3E009F0327 /* MealCell.swift in Sources */ = {isa = PBXBuildFile; fileRef = 81A6085129537E3E009F0327 /* MealCell.swift */; };
		81A6085629538616009F0327 /* MealDetailViewController.swift in Sources */ = {isa = PBXBuildFile; fileRef = 81A6085529538616009F0327 /* MealDetailViewController.swift */; };
		81A6085A2954EEC1009F0327 /* MealDetailViewController+SetupUI.swift in Sources */ = {isa = PBXBuildFile; fileRef = 81A608592954EEC1009F0327 /* MealDetailViewController+SetupUI.swift */; };
		81A6085C2954FF8C009F0327 /* IngredientMeasureCell.swift in Sources */ = {isa = PBXBuildFile; fileRef = 81A6085B2954FF8C009F0327 /* IngredientMeasureCell.swift */; };
		81A6085F29553932009F0327 /* Meal.swift in Sources */ = {isa = PBXBuildFile; fileRef = 81A6085E29553932009F0327 /* Meal.swift */; };
		81A6086129553A69009F0327 /* MealRecipeContent.swift in Sources */ = {isa = PBXBuildFile; fileRef = 81A6086029553A69009F0327 /* MealRecipeContent.swift */; };
		81A6086629553DC6009F0327 /* NetworkManager.swift in Sources */ = {isa = PBXBuildFile; fileRef = 81A6086529553DC6009F0327 /* NetworkManager.swift */; };
		81A6088429565487009F0327 /* MealRecipe.swift in Sources */ = {isa = PBXBuildFile; fileRef = 81A6088329565487009F0327 /* MealRecipe.swift */; };
/* End PBXBuildFile section */

/* Begin PBXContainerItemProxy section */
		81A6082E29537886009F0327 /* PBXContainerItemProxy */ = {
			isa = PBXContainerItemProxy;
			containerPortal = 81A6080F29537884009F0327 /* Project object */;
			proxyType = 1;
			remoteGlobalIDString = 81A6081629537884009F0327;
			remoteInfo = Fetch_Rewards_TakeHome;
		};
		81A6083829537886009F0327 /* PBXContainerItemProxy */ = {
			isa = PBXContainerItemProxy;
			containerPortal = 81A6080F29537884009F0327 /* Project object */;
			proxyType = 1;
			remoteGlobalIDString = 81A6081629537884009F0327;
			remoteInfo = Fetch_Rewards_TakeHome;
		};
/* End PBXContainerItemProxy section */

/* Begin PBXFileReference section */
		811C6D4F2963D900009BB349 /* imageViewExtension+Network.swift */ = {isa = PBXFileReference; lastKnownFileType = sourcecode.swift; path = "imageViewExtension+Network.swift"; sourceTree = "<group>"; };
		81A6081729537884009F0327 /* Fetch_Rewards_TakeHome.app */ = {isa = PBXFileReference; explicitFileType = wrapper.application; includeInIndex = 0; path = Fetch_Rewards_TakeHome.app; sourceTree = BUILT_PRODUCTS_DIR; };
		81A6081A29537884009F0327 /* AppDelegate.swift */ = {isa = PBXFileReference; lastKnownFileType = sourcecode.swift; path = AppDelegate.swift; sourceTree = "<group>"; };
		81A6082329537885009F0327 /* Assets.xcassets */ = {isa = PBXFileReference; lastKnownFileType = folder.assetcatalog; path = Assets.xcassets; sourceTree = "<group>"; };
		81A6082629537885009F0327 /* Base */ = {isa = PBXFileReference; lastKnownFileType = file.storyboard; name = Base; path = Base.lproj/LaunchScreen.storyboard; sourceTree = "<group>"; };
		81A6082829537885009F0327 /* Info.plist */ = {isa = PBXFileReference; lastKnownFileType = text.plist.xml; path = Info.plist; sourceTree = "<group>"; };
		81A6082D29537886009F0327 /* Fetch_Rewards_TakeHomeTests.xctest */ = {isa = PBXFileReference; explicitFileType = wrapper.cfbundle; includeInIndex = 0; path = Fetch_Rewards_TakeHomeTests.xctest; sourceTree = BUILT_PRODUCTS_DIR; };
		81A6083129537886009F0327 /* Fetch_Rewards_TakeHomeTests.swift */ = {isa = PBXFileReference; lastKnownFileType = sourcecode.swift; path = Fetch_Rewards_TakeHomeTests.swift; sourceTree = "<group>"; };
		81A6083729537886009F0327 /* Fetch_Rewards_TakeHomeUITests.xctest */ = {isa = PBXFileReference; explicitFileType = wrapper.cfbundle; includeInIndex = 0; path = Fetch_Rewards_TakeHomeUITests.xctest; sourceTree = BUILT_PRODUCTS_DIR; };
		81A6083B29537886009F0327 /* Fetch_Rewards_TakeHomeUITests.swift */ = {isa = PBXFileReference; lastKnownFileType = sourcecode.swift; path = Fetch_Rewards_TakeHomeUITests.swift; sourceTree = "<group>"; };
		81A6083D29537886009F0327 /* Fetch_Rewards_TakeHomeUITestsLaunchTests.swift */ = {isa = PBXFileReference; lastKnownFileType = sourcecode.swift; path = Fetch_Rewards_TakeHomeUITestsLaunchTests.swift; sourceTree = "<group>"; };
		81A6084A29537AB7009F0327 /* MealListTableViewController.swift */ = {isa = PBXFileReference; lastKnownFileType = sourcecode.swift; path = MealListTableViewController.swift; sourceTree = "<group>"; };
		81A6085129537E3E009F0327 /* MealCell.swift */ = {isa = PBXFileReference; lastKnownFileType = sourcecode.swift; path = MealCell.swift; sourceTree = "<group>"; };
		81A6085529538616009F0327 /* MealDetailViewController.swift */ = {isa = PBXFileReference; lastKnownFileType = sourcecode.swift; path = MealDetailViewController.swift; sourceTree = "<group>"; };
		81A608592954EEC1009F0327 /* MealDetailViewController+SetupUI.swift */ = {isa = PBXFileReference; lastKnownFileType = sourcecode.swift; path = "MealDetailViewController+SetupUI.swift"; sourceTree = "<group>"; };
		81A6085B2954FF8C009F0327 /* IngredientMeasureCell.swift */ = {isa = PBXFileReference; lastKnownFileType = sourcecode.swift; path = IngredientMeasureCell.swift; sourceTree = "<group>"; };
		81A6085E29553932009F0327 /* Meal.swift */ = {isa = PBXFileReference; lastKnownFileType = sourcecode.swift; path = Meal.swift; sourceTree = "<group>"; };
		81A6086029553A69009F0327 /* MealRecipeContent.swift */ = {isa = PBXFileReference; lastKnownFileType = sourcecode.swift; path = MealRecipeContent.swift; sourceTree = "<group>"; };
		81A6086529553DC6009F0327 /* NetworkManager.swift */ = {isa = PBXFileReference; lastKnownFileType = sourcecode.swift; path = NetworkManager.swift; sourceTree = "<group>"; };
		81A6088329565487009F0327 /* MealRecipe.swift */ = {isa = PBXFileReference; lastKnownFileType = sourcecode.swift; path = MealRecipe.swift; sourceTree = "<group>"; };
/* End PBXFileReference section */

/* Begin PBXFrameworksBuildPhase section */
		81A6081429537884009F0327 /* Frameworks */ = {
			isa = PBXFrameworksBuildPhase;
			buildActionMask = 2147483647;
			files = (
			);
			runOnlyForDeploymentPostprocessing = 0;
		};
		81A6082A29537886009F0327 /* Frameworks */ = {
			isa = PBXFrameworksBuildPhase;
			buildActionMask = 2147483647;
			files = (
			);
			runOnlyForDeploymentPostprocessing = 0;
		};
		81A6083429537886009F0327 /* Frameworks */ = {
			isa = PBXFrameworksBuildPhase;
			buildActionMask = 2147483647;
			files = (
			);
			runOnlyForDeploymentPostprocessing = 0;
		};
/* End PBXFrameworksBuildPhase section */

/* Begin PBXGroup section */
		81A6080E29537884009F0327 = {
			isa = PBXGroup;
			children = (
				81A6081929537884009F0327 /* Fetch_Rewards_TakeHome */,
				81A6083029537886009F0327 /* Fetch_Rewards_TakeHomeTests */,
				81A6083A29537886009F0327 /* Fetch_Rewards_TakeHomeUITests */,
				81A6081829537884009F0327 /* Products */,
			);
			sourceTree = "<group>";
		};
		81A6081829537884009F0327 /* Products */ = {
			isa = PBXGroup;
			children = (
				81A6081729537884009F0327 /* Fetch_Rewards_TakeHome.app */,
				81A6082D29537886009F0327 /* Fetch_Rewards_TakeHomeTests.xctest */,
				81A6083729537886009F0327 /* Fetch_Rewards_TakeHomeUITests.xctest */,
			);
			name = Products;
			sourceTree = "<group>";
		};
		81A6081929537884009F0327 /* Fetch_Rewards_TakeHome */ = {
			isa = PBXGroup;
			children = (
				81A6081A29537884009F0327 /* AppDelegate.swift */,
				81A6085D29553899009F0327 /* Model */,
				81A6084C29537BE5009F0327 /* MealList */,
				81A6084D29537C21009F0327 /* MealDetail */,
				81A6084E29537C32009F0327 /* Files */,
				81A6086429553DA5009F0327 /* Networking */,
				81A6082829537885009F0327 /* Info.plist */,
			);
			path = Fetch_Rewards_TakeHome;
			sourceTree = "<group>";
		};
		81A6083029537886009F0327 /* Fetch_Rewards_TakeHomeTests */ = {
			isa = PBXGroup;
			children = (
				81A6083129537886009F0327 /* Fetch_Rewards_TakeHomeTests.swift */,
			);
			path = Fetch_Rewards_TakeHomeTests;
			sourceTree = "<group>";
		};
		81A6083A29537886009F0327 /* Fetch_Rewards_TakeHomeUITests */ = {
			isa = PBXGroup;
			children = (
				81A6083B29537886009F0327 /* Fetch_Rewards_TakeHomeUITests.swift */,
				81A6083D29537886009F0327 /* Fetch_Rewards_TakeHomeUITestsLaunchTests.swift */,
			);
			path = Fetch_Rewards_TakeHomeUITests;
			sourceTree = "<group>";
		};
		81A6084C29537BE5009F0327 /* MealList */ = {
			isa = PBXGroup;
			children = (
				81A6084F29537CE6009F0327 /* View */,
				81A6085029537E17009F0327 /* Controller */,
			);
			path = MealList;
			sourceTree = "<group>";
		};
		81A6084D29537C21009F0327 /* MealDetail */ = {
			isa = PBXGroup;
			children = (
				81A6085729538EFC009F0327 /* View */,
				81A6085829538F06009F0327 /* Controller */,
			);
			path = MealDetail;
			sourceTree = "<group>";
		};
		81A6084E29537C32009F0327 /* Files */ = {
			isa = PBXGroup;
			children = (
				81A6082529537885009F0327 /* LaunchScreen.storyboard */,
				81A6082329537885009F0327 /* Assets.xcassets */,
			);
			path = Files;
			sourceTree = "<group>";
		};
		81A6084F29537CE6009F0327 /* View */ = {
			isa = PBXGroup;
			children = (
				81A6085129537E3E009F0327 /* MealCell.swift */,
			);
			path = View;
			sourceTree = "<group>";
		};
		81A6085029537E17009F0327 /* Controller */ = {
			isa = PBXGroup;
			children = (
				81A6084A29537AB7009F0327 /* MealListTableViewController.swift */,
			);
			path = Controller;
			sourceTree = "<group>";
		};
		81A6085729538EFC009F0327 /* View */ = {
			isa = PBXGroup;
			children = (
				81A608592954EEC1009F0327 /* MealDetailViewController+SetupUI.swift */,
				81A6085B2954FF8C009F0327 /* IngredientMeasureCell.swift */,
			);
			path = View;
			sourceTree = "<group>";
		};
		81A6085829538F06009F0327 /* Controller */ = {
			isa = PBXGroup;
			children = (
				81A6085529538616009F0327 /* MealDetailViewController.swift */,
			);
			path = Controller;
			sourceTree = "<group>";
		};
		81A6085D29553899009F0327 /* Model */ = {
			isa = PBXGroup;
			children = (
				81A6085E29553932009F0327 /* Meal.swift */,
				81A6086029553A69009F0327 /* MealRecipeContent.swift */,
				81A6088329565487009F0327 /* MealRecipe.swift */,
			);
			path = Model;
			sourceTree = "<group>";
		};
		81A6086429553DA5009F0327 /* Networking */ = {
			isa = PBXGroup;
			children = (
				81A6086529553DC6009F0327 /* NetworkManager.swift */,
				811C6D4F2963D900009BB349 /* imageViewExtension+Network.swift */,
			);
			path = Networking;
			sourceTree = "<group>";
		};
/* End PBXGroup section */

/* Begin PBXNativeTarget section */
		81A6081629537884009F0327 /* Fetch_Rewards_TakeHome */ = {
			isa = PBXNativeTarget;
			buildConfigurationList = 81A6084129537886009F0327 /* Build configuration list for PBXNativeTarget "Fetch_Rewards_TakeHome" */;
			buildPhases = (
				81A6081329537884009F0327 /* Sources */,
				81A6081429537884009F0327 /* Frameworks */,
				81A6081529537884009F0327 /* Resources */,
			);
			buildRules = (
			);
			dependencies = (
			);
			name = Fetch_Rewards_TakeHome;
			productName = Fetch_Rewards_TakeHome;
			productReference = 81A6081729537884009F0327 /* Fetch_Rewards_TakeHome.app */;
			productType = "com.apple.product-type.application";
		};
		81A6082C29537886009F0327 /* Fetch_Rewards_TakeHomeTests */ = {
			isa = PBXNativeTarget;
			buildConfigurationList = 81A6084429537886009F0327 /* Build configuration list for PBXNativeTarget "Fetch_Rewards_TakeHomeTests" */;
			buildPhases = (
				81A6082929537886009F0327 /* Sources */,
				81A6082A29537886009F0327 /* Frameworks */,
				81A6082B29537886009F0327 /* Resources */,
			);
			buildRules = (
			);
			dependencies = (
				81A6082F29537886009F0327 /* PBXTargetDependency */,
			);
			name = Fetch_Rewards_TakeHomeTests;
			productName = Fetch_Rewards_TakeHomeTests;
			productReference = 81A6082D29537886009F0327 /* Fetch_Rewards_TakeHomeTests.xctest */;
			productType = "com.apple.product-type.bundle.unit-test";
		};
		81A6083629537886009F0327 /* Fetch_Rewards_TakeHomeUITests */ = {
			isa = PBXNativeTarget;
			buildConfigurationList = 81A6084729537886009F0327 /* Build configuration list for PBXNativeTarget "Fetch_Rewards_TakeHomeUITests" */;
			buildPhases = (
				81A6083329537886009F0327 /* Sources */,
				81A6083429537886009F0327 /* Frameworks */,
				81A6083529537886009F0327 /* Resources */,
			);
			buildRules = (
			);
			dependencies = (
				81A6083929537886009F0327 /* PBXTargetDependency */,
			);
			name = Fetch_Rewards_TakeHomeUITests;
			productName = Fetch_Rewards_TakeHomeUITests;
			productReference = 81A6083729537886009F0327 /* Fetch_Rewards_TakeHomeUITests.xctest */;
			productType = "com.apple.product-type.bundle.ui-testing";
		};
/* End PBXNativeTarget section */

/* Begin PBXProject section */
		81A6080F29537884009F0327 /* Project object */ = {
			isa = PBXProject;
			attributes = {
				BuildIndependentTargetsInParallel = 1;
				LastSwiftUpdateCheck = 1410;
				LastUpgradeCheck = 1410;
				TargetAttributes = {
					81A6081629537884009F0327 = {
						CreatedOnToolsVersion = 14.1;
					};
					81A6082C29537886009F0327 = {
						CreatedOnToolsVersion = 14.1;
						TestTargetID = 81A6081629537884009F0327;
					};
					81A6083629537886009F0327 = {
						CreatedOnToolsVersion = 14.1;
						TestTargetID = 81A6081629537884009F0327;
					};
				};
			};
			buildConfigurationList = 81A6081229537884009F0327 /* Build configuration list for PBXProject "Fetch_Rewards_TakeHome" */;
			compatibilityVersion = "Xcode 14.0";
			developmentRegion = en;
			hasScannedForEncodings = 0;
			knownRegions = (
				en,
				Base,
			);
			mainGroup = 81A6080E29537884009F0327;
			productRefGroup = 81A6081829537884009F0327 /* Products */;
			projectDirPath = "";
			projectRoot = "";
			targets = (
				81A6081629537884009F0327 /* Fetch_Rewards_TakeHome */,
				81A6082C29537886009F0327 /* Fetch_Rewards_TakeHomeTests */,
				81A6083629537886009F0327 /* Fetch_Rewards_TakeHomeUITests */,
			);
		};
/* End PBXProject section */

/* Begin PBXResourcesBuildPhase section */
		81A6081529537884009F0327 /* Resources */ = {
			isa = PBXResourcesBuildPhase;
			buildActionMask = 2147483647;
			files = (
				81A6082729537885009F0327 /* LaunchScreen.storyboard in Resources */,
				81A6082429537885009F0327 /* Assets.xcassets in Resources */,
			);
			runOnlyForDeploymentPostprocessing = 0;
		};
		81A6082B29537886009F0327 /* Resources */ = {
			isa = PBXResourcesBuildPhase;
			buildActionMask = 2147483647;
			files = (
			);
			runOnlyForDeploymentPostprocessing = 0;
		};
		81A6083529537886009F0327 /* Resources */ = {
			isa = PBXResourcesBuildPhase;
			buildActionMask = 2147483647;
			files = (
			);
			runOnlyForDeploymentPostprocessing = 0;
		};
/* End PBXResourcesBuildPhase section */

/* Begin PBXSourcesBuildPhase section */
		81A6081329537884009F0327 /* Sources */ = {
			isa = PBXSourcesBuildPhase;
			buildActionMask = 2147483647;
			files = (
				81A6085229537E3E009F0327 /* MealCell.swift in Sources */,
				81A6081B29537884009F0327 /* AppDelegate.swift in Sources */,
				81A6086629553DC6009F0327 /* NetworkManager.swift in Sources */,
				81A6086129553A69009F0327 /* MealRecipeContent.swift in Sources */,
				81A6085F29553932009F0327 /* Meal.swift in Sources */,
				811C6D502963D900009BB349 /* imageViewExtension+Network.swift in Sources */,
				81A6085A2954EEC1009F0327 /* MealDetailViewController+SetupUI.swift in Sources */,
				81A6085C2954FF8C009F0327 /* IngredientMeasureCell.swift in Sources */,
				81A6085629538616009F0327 /* MealDetailViewController.swift in Sources */,
				81A6088429565487009F0327 /* MealRecipe.swift in Sources */,
				81A6084B29537AB7009F0327 /* MealListTableViewController.swift in Sources */,
			);
			runOnlyForDeploymentPostprocessing = 0;
		};
		81A6082929537886009F0327 /* Sources */ = {
			isa = PBXSourcesBuildPhase;
			buildActionMask = 2147483647;
			files = (
				81A6083229537886009F0327 /* Fetch_Rewards_TakeHomeTests.swift in Sources */,
			);
			runOnlyForDeploymentPostprocessing = 0;
		};
		81A6083329537886009F0327 /* Sources */ = {
			isa = PBXSourcesBuildPhase;
			buildActionMask = 2147483647;
			files = (
				81A6083E29537886009F0327 /* Fetch_Rewards_TakeHomeUITestsLaunchTests.swift in Sources */,
				81A6083C29537886009F0327 /* Fetch_Rewards_TakeHomeUITests.swift in Sources */,
			);
			runOnlyForDeploymentPostprocessing = 0;
		};
/* End PBXSourcesBuildPhase section */

/* Begin PBXTargetDependency section */
		81A6082F29537886009F0327 /* PBXTargetDependency */ = {
			isa = PBXTargetDependency;
			target = 81A6081629537884009F0327 /* Fetch_Rewards_TakeHome */;
			targetProxy = 81A6082E29537886009F0327 /* PBXContainerItemProxy */;
		};
		81A6083929537886009F0327 /* PBXTargetDependency */ = {
			isa = PBXTargetDependency;
			target = 81A6081629537884009F0327 /* Fetch_Rewards_TakeHome */;
			targetProxy = 81A6083829537886009F0327 /* PBXContainerItemProxy */;
		};
/* End PBXTargetDependency section */

/* Begin PBXVariantGroup section */
		81A6082529537885009F0327 /* LaunchScreen.storyboard */ = {
			isa = PBXVariantGroup;
			children = (
				81A6082629537885009F0327 /* Base */,
			);
			name = LaunchScreen.storyboard;
			sourceTree = "<group>";
		};
/* End PBXVariantGroup section */

/* Begin XCBuildConfiguration section */
		81A6083F29537886009F0327 /* Debug */ = {
			isa = XCBuildConfiguration;
			buildSettings = {
				ALWAYS_SEARCH_USER_PATHS = NO;
				CLANG_ANALYZER_NONNULL = YES;
				CLANG_ANALYZER_NUMBER_OBJECT_CONVERSION = YES_AGGRESSIVE;
				CLANG_CXX_LANGUAGE_STANDARD = "gnu++20";
				CLANG_ENABLE_MODULES = YES;
				CLANG_ENABLE_OBJC_ARC = YES;
				CLANG_ENABLE_OBJC_WEAK = YES;
				CLANG_WARN_BLOCK_CAPTURE_AUTORELEASING = YES;
				CLANG_WARN_BOOL_CONVERSION = YES;
				CLANG_WARN_COMMA = YES;
				CLANG_WARN_CONSTANT_CONVERSION = YES;
				CLANG_WARN_DEPRECATED_OBJC_IMPLEMENTATIONS = YES;
				CLANG_WARN_DIRECT_OBJC_ISA_USAGE = YES_ERROR;
				CLANG_WARN_DOCUMENTATION_COMMENTS = YES;
				CLANG_WARN_EMPTY_BODY = YES;
				CLANG_WARN_ENUM_CONVERSION = YES;
				CLANG_WARN_INFINITE_RECURSION = YES;
				CLANG_WARN_INT_CONVERSION = YES;
				CLANG_WARN_NON_LITERAL_NULL_CONVERSION = YES;
				CLANG_WARN_OBJC_IMPLICIT_RETAIN_SELF = YES;
				CLANG_WARN_OBJC_LITERAL_CONVERSION = YES;
				CLANG_WARN_OBJC_ROOT_CLASS = YES_ERROR;
				CLANG_WARN_QUOTED_INCLUDE_IN_FRAMEWORK_HEADER = YES;
				CLANG_WARN_RANGE_LOOP_ANALYSIS = YES;
				CLANG_WARN_STRICT_PROTOTYPES = YES;
				CLANG_WARN_SUSPICIOUS_MOVE = YES;
				CLANG_WARN_UNGUARDED_AVAILABILITY = YES_AGGRESSIVE;
				CLANG_WARN_UNREACHABLE_CODE = YES;
				CLANG_WARN__DUPLICATE_METHOD_MATCH = YES;
				COPY_PHASE_STRIP = NO;
				DEBUG_INFORMATION_FORMAT = dwarf;
				ENABLE_STRICT_OBJC_MSGSEND = YES;
				ENABLE_TESTABILITY = YES;
				GCC_C_LANGUAGE_STANDARD = gnu11;
				GCC_DYNAMIC_NO_PIC = NO;
				GCC_NO_COMMON_BLOCKS = YES;
				GCC_OPTIMIZATION_LEVEL = 0;
				GCC_PREPROCESSOR_DEFINITIONS = (
					"DEBUG=1",
					"$(inherited)",
				);
				GCC_WARN_64_TO_32_BIT_CONVERSION = YES;
				GCC_WARN_ABOUT_RETURN_TYPE = YES_ERROR;
				GCC_WARN_UNDECLARED_SELECTOR = YES;
				GCC_WARN_UNINITIALIZED_AUTOS = YES_AGGRESSIVE;
				GCC_WARN_UNUSED_FUNCTION = YES;
				GCC_WARN_UNUSED_VARIABLE = YES;
				IPHONEOS_DEPLOYMENT_TARGET = 16.1;
				MTL_ENABLE_DEBUG_INFO = INCLUDE_SOURCE;
				MTL_FAST_MATH = YES;
				ONLY_ACTIVE_ARCH = YES;
				SDKROOT = iphoneos;
				SWIFT_ACTIVE_COMPILATION_CONDITIONS = DEBUG;
				SWIFT_OPTIMIZATION_LEVEL = "-Onone";
			};
			name = Debug;
		};
		81A6084029537886009F0327 /* Release */ = {
			isa = XCBuildConfiguration;
			buildSettings = {
				ALWAYS_SEARCH_USER_PATHS = NO;
				CLANG_ANALYZER_NONNULL = YES;
				CLANG_ANALYZER_NUMBER_OBJECT_CONVERSION = YES_AGGRESSIVE;
				CLANG_CXX_LANGUAGE_STANDARD = "gnu++20";
				CLANG_ENABLE_MODULES = YES;
				CLANG_ENABLE_OBJC_ARC = YES;
				CLANG_ENABLE_OBJC_WEAK = YES;
				CLANG_WARN_BLOCK_CAPTURE_AUTORELEASING = YES;
				CLANG_WARN_BOOL_CONVERSION = YES;
				CLANG_WARN_COMMA = YES;
				CLANG_WARN_CONSTANT_CONVERSION = YES;
				CLANG_WARN_DEPRECATED_OBJC_IMPLEMENTATIONS = YES;
				CLANG_WARN_DIRECT_OBJC_ISA_USAGE = YES_ERROR;
				CLANG_WARN_DOCUMENTATION_COMMENTS = YES;
				CLANG_WARN_EMPTY_BODY = YES;
				CLANG_WARN_ENUM_CONVERSION = YES;
				CLANG_WARN_INFINITE_RECURSION = YES;
				CLANG_WARN_INT_CONVERSION = YES;
				CLANG_WARN_NON_LITERAL_NULL_CONVERSION = YES;
				CLANG_WARN_OBJC_IMPLICIT_RETAIN_SELF = YES;
				CLANG_WARN_OBJC_LITERAL_CONVERSION = YES;
				CLANG_WARN_OBJC_ROOT_CLASS = YES_ERROR;
				CLANG_WARN_QUOTED_INCLUDE_IN_FRAMEWORK_HEADER = YES;
				CLANG_WARN_RANGE_LOOP_ANALYSIS = YES;
				CLANG_WARN_STRICT_PROTOTYPES = YES;
				CLANG_WARN_SUSPICIOUS_MOVE = YES;
				CLANG_WARN_UNGUARDED_AVAILABILITY = YES_AGGRESSIVE;
				CLANG_WARN_UNREACHABLE_CODE = YES;
				CLANG_WARN__DUPLICATE_METHOD_MATCH = YES;
				COPY_PHASE_STRIP = NO;
				DEBUG_INFORMATION_FORMAT = "dwarf-with-dsym";
				ENABLE_NS_ASSERTIONS = NO;
				ENABLE_STRICT_OBJC_MSGSEND = YES;
				GCC_C_LANGUAGE_STANDARD = gnu11;
				GCC_NO_COMMON_BLOCKS = YES;
				GCC_WARN_64_TO_32_BIT_CONVERSION = YES;
				GCC_WARN_ABOUT_RETURN_TYPE = YES_ERROR;
				GCC_WARN_UNDECLARED_SELECTOR = YES;
				GCC_WARN_UNINITIALIZED_AUTOS = YES_AGGRESSIVE;
				GCC_WARN_UNUSED_FUNCTION = YES;
				GCC_WARN_UNUSED_VARIABLE = YES;
				IPHONEOS_DEPLOYMENT_TARGET = 16.1;
				MTL_ENABLE_DEBUG_INFO = NO;
				MTL_FAST_MATH = YES;
				SDKROOT = iphoneos;
				SWIFT_COMPILATION_MODE = wholemodule;
				SWIFT_OPTIMIZATION_LEVEL = "-O";
				VALIDATE_PRODUCT = YES;
			};
			name = Release;
		};
		81A6084229537886009F0327 /* Debug */ = {
			isa = XCBuildConfiguration;
			buildSettings = {
				ASSETCATALOG_COMPILER_APPICON_NAME = AppIcon;
				ASSETCATALOG_COMPILER_GLOBAL_ACCENT_COLOR_NAME = AccentColor;
				CODE_SIGN_STYLE = Automatic;
				CURRENT_PROJECT_VERSION = 1;
				GENERATE_INFOPLIST_FILE = YES;
				INFOPLIST_FILE = Fetch_Rewards_TakeHome/Info.plist;
				INFOPLIST_KEY_UIApplicationSupportsIndirectInputEvents = YES;
				INFOPLIST_KEY_UILaunchStoryboardName = LaunchScreen;
				INFOPLIST_KEY_UISupportedInterfaceOrientations_iPad = "UIInterfaceOrientationPortrait UIInterfaceOrientationPortraitUpsideDown UIInterfaceOrientationLandscapeLeft UIInterfaceOrientationLandscapeRight";
				INFOPLIST_KEY_UISupportedInterfaceOrientations_iPhone = "UIInterfaceOrientationPortrait UIInterfaceOrientationLandscapeLeft UIInterfaceOrientationLandscapeRight";
				LD_RUNPATH_SEARCH_PATHS = (
					"$(inherited)",
					"@executable_path/Frameworks",
				);
				MARKETING_VERSION = 1.0;
				PRODUCT_BUNDLE_IDENTIFIER = "com.boris.Fetch-Rewards-TakeHome";
				PRODUCT_NAME = "$(TARGET_NAME)";
				SWIFT_EMIT_LOC_STRINGS = YES;
				SWIFT_VERSION = 5.0;
				TARGETED_DEVICE_FAMILY = "1,2";
			};
			name = Debug;
		};
		81A6084329537886009F0327 /* Release */ = {
			isa = XCBuildConfiguration;
			buildSettings = {
				ASSETCATALOG_COMPILER_APPICON_NAME = AppIcon;
				ASSETCATALOG_COMPILER_GLOBAL_ACCENT_COLOR_NAME = AccentColor;
				CODE_SIGN_STYLE = Automatic;
				CURRENT_PROJECT_VERSION = 1;
				GENERATE_INFOPLIST_FILE = YES;
				INFOPLIST_FILE = Fetch_Rewards_TakeHome/Info.plist;
				INFOPLIST_KEY_UIApplicationSupportsIndirectInputEvents = YES;
				INFOPLIST_KEY_UILaunchStoryboardName = LaunchScreen;
				INFOPLIST_KEY_UISupportedInterfaceOrientations_iPad = "UIInterfaceOrientationPortrait UIInterfaceOrientationPortraitUpsideDown UIInterfaceOrientationLandscapeLeft UIInterfaceOrientationLandscapeRight";
				INFOPLIST_KEY_UISupportedInterfaceOrientations_iPhone = "UIInterfaceOrientationPortrait UIInterfaceOrientationLandscapeLeft UIInterfaceOrientationLandscapeRight";
				LD_RUNPATH_SEARCH_PATHS = (
					"$(inherited)",
					"@executable_path/Frameworks",
				);
				MARKETING_VERSION = 1.0;
				PRODUCT_BUNDLE_IDENTIFIER = "com.boris.Fetch-Rewards-TakeHome";
				PRODUCT_NAME = "$(TARGET_NAME)";
				SWIFT_EMIT_LOC_STRINGS = YES;
				SWIFT_VERSION = 5.0;
				TARGETED_DEVICE_FAMILY = "1,2";
			};
			name = Release;
		};
		81A6084529537886009F0327 /* Debug */ = {
			isa = XCBuildConfiguration;
			buildSettings = {
				ALWAYS_EMBED_SWIFT_STANDARD_LIBRARIES = YES;
				BUNDLE_LOADER = "$(TEST_HOST)";
				CODE_SIGN_STYLE = Automatic;
				CURRENT_PROJECT_VERSION = 1;
				GENERATE_INFOPLIST_FILE = YES;
				IPHONEOS_DEPLOYMENT_TARGET = 16.1;
				MARKETING_VERSION = 1.0;
				PRODUCT_BUNDLE_IDENTIFIER = "com.boris.Fetch-Rewards-TakeHomeTests";
				PRODUCT_NAME = "$(TARGET_NAME)";
				SWIFT_EMIT_LOC_STRINGS = NO;
				SWIFT_VERSION = 5.0;
				TARGETED_DEVICE_FAMILY = "1,2";
				TEST_HOST = "$(BUILT_PRODUCTS_DIR)/Fetch_Rewards_TakeHome.app/$(BUNDLE_EXECUTABLE_FOLDER_PATH)/Fetch_Rewards_TakeHome";
			};
			name = Debug;
		};
		81A6084629537886009F0327 /* Release */ = {
			isa = XCBuildConfiguration;
			buildSettings = {
				ALWAYS_EMBED_SWIFT_STANDARD_LIBRARIES = YES;
				BUNDLE_LOADER = "$(TEST_HOST)";
				CODE_SIGN_STYLE = Automatic;
				CURRENT_PROJECT_VERSION = 1;
				GENERATE_INFOPLIST_FILE = YES;
				IPHONEOS_DEPLOYMENT_TARGET = 16.1;
				MARKETING_VERSION = 1.0;
				PRODUCT_BUNDLE_IDENTIFIER = "com.boris.Fetch-Rewards-TakeHomeTests";
				PRODUCT_NAME = "$(TARGET_NAME)";
				SWIFT_EMIT_LOC_STRINGS = NO;
				SWIFT_VERSION = 5.0;
				TARGETED_DEVICE_FAMILY = "1,2";
				TEST_HOST = "$(BUILT_PRODUCTS_DIR)/Fetch_Rewards_TakeHome.app/$(BUNDLE_EXECUTABLE_FOLDER_PATH)/Fetch_Rewards_TakeHome";
			};
			name = Release;
		};
		81A6084829537886009F0327 /* Debug */ = {
			isa = XCBuildConfiguration;
			buildSettings = {
				ALWAYS_EMBED_SWIFT_STANDARD_LIBRARIES = YES;
				CODE_SIGN_STYLE = Automatic;
				CURRENT_PROJECT_VERSION = 1;
				GENERATE_INFOPLIST_FILE = YES;
				MARKETING_VERSION = 1.0;
				PRODUCT_BUNDLE_IDENTIFIER = "com.boris.Fetch-Rewards-TakeHomeUITests";
				PRODUCT_NAME = "$(TARGET_NAME)";
				SWIFT_EMIT_LOC_STRINGS = NO;
				SWIFT_VERSION = 5.0;
				TARGETED_DEVICE_FAMILY = "1,2";
				TEST_TARGET_NAME = Fetch_Rewards_TakeHome;
			};
			name = Debug;
		};
		81A6084929537886009F0327 /* Release */ = {
			isa = XCBuildConfiguration;
			buildSettings = {
				ALWAYS_EMBED_SWIFT_STANDARD_LIBRARIES = YES;
				CODE_SIGN_STYLE = Automatic;
				CURRENT_PROJECT_VERSION = 1;
				GENERATE_INFOPLIST_FILE = YES;
				MARKETING_VERSION = 1.0;
				PRODUCT_BUNDLE_IDENTIFIER = "com.boris.Fetch-Rewards-TakeHomeUITests";
				PRODUCT_NAME = "$(TARGET_NAME)";
				SWIFT_EMIT_LOC_STRINGS = NO;
				SWIFT_VERSION = 5.0;
				TARGETED_DEVICE_FAMILY = "1,2";
				TEST_TARGET_NAME = Fetch_Rewards_TakeHome;
			};
			name = Release;
		};
/* End XCBuildConfiguration section */

/* Begin XCConfigurationList section */
		81A6081229537884009F0327 /* Build configuration list for PBXProject "Fetch_Rewards_TakeHome" */ = {
			isa = XCConfigurationList;
			buildConfigurations = (
				81A6083F29537886009F0327 /* Debug */,
				81A6084029537886009F0327 /* Release */,
			);
			defaultConfigurationIsVisible = 0;
			defaultConfigurationName = Release;
		};
		81A6084129537886009F0327 /* Build configuration list for PBXNativeTarget "Fetch_Rewards_TakeHome" */ = {
			isa = XCConfigurationList;
			buildConfigurations = (
				81A6084229537886009F0327 /* Debug */,
				81A6084329537886009F0327 /* Release */,
			);
			defaultConfigurationIsVisible = 0;
			defaultConfigurationName = Release;
		};
		81A6084429537886009F0327 /* Build configuration list for PBXNativeTarget "Fetch_Rewards_TakeHomeTests" */ = {
			isa = XCConfigurationList;
			buildConfigurations = (
				81A6084529537886009F0327 /* Debug */,
				81A6084629537886009F0327 /* Release */,
			);
			defaultConfigurationIsVisible = 0;
			defaultConfigurationName = Release;
		};
		81A6084729537886009F0327 /* Build configuration list for PBXNativeTarget "Fetch_Rewards_TakeHomeUITests" */ = {
			isa = XCConfigurationList;
			buildConfigurations = (
				81A6084829537886009F0327 /* Debug */,
				81A6084929537886009F0327 /* Release */,
			);
			defaultConfigurationIsVisible = 0;
			defaultConfigurationName = Release;
		};
/* End XCConfigurationList section */
	};
	rootObject = 81A6080F29537884009F0327 /* Project object */;
}
